
Microsoft Visual Studio Solution File, Format Version 12.00
# Visual Studio 15
VisualStudioVersion = 15.0.26430.16
MinimumVisualStudioVersion = 10.0.40219.1
Project("{9A19103F-16F7-4668-BE54-9A1E7A4F7556}") = "EventReader", "EventReader\EventReader.csproj", "{DFE95FF7-559A-4178-944E-3A859DD13E63}"
EndProject
Project("{9A19103F-16F7-4668-BE54-9A1E7A4F7556}") = "EventReaderTest", "EventReaderTest\EventReaderTest.csproj", "{5BDE58FE-1E37-4A17-9C7B-9723E4268336}"
EndProject
Project("{9A19103F-16F7-4668-BE54-9A1E7A4F7556}") = "Bootstrap", "Bootstrap\Bootstrap.csproj", "{53C96EB3-506F-4EB2-856A-7031D8A86DB0}"
EndProject
Project("{9A19103F-16F7-4668-BE54-9A1E7A4F7556}") = "BootstrapTest", "BootstrapTest\BootstrapTest.csproj", "{E7058A6B-A93F-461B-977D-E4ECFFF74A3B}"
EndProject
Project("{FAE04EC0-301F-11D3-BF4B-00C04F79EFBC}") = "ReadModel", "ReadModel\ReadModel.csproj", "{D4094122-1E30-40FE-A277-A56F53E771FD}"
EndProject
Project("{FAE04EC0-301F-11D3-BF4B-00C04F79EFBC}") = "ReadModelTest", "ReadModelTest\ReadModelTest.csproj", "{14A78F15-4646-491C-8523-AAE80A4A8207}"
EndProject
Global
	GlobalSection(SolutionConfigurationPlatforms) = preSolution
		Debug|Any CPU = Debug|Any CPU
		Release|Any CPU = Release|Any CPU
	EndGlobalSection
	GlobalSection(ProjectConfigurationPlatforms) = postSolution
		{DFE95FF7-559A-4178-944E-3A859DD13E63}.Debug|Any CPU.ActiveCfg = Debug|Any CPU
		{DFE95FF7-559A-4178-944E-3A859DD13E63}.Debug|Any CPU.Build.0 = Debug|Any CPU
		{DFE95FF7-559A-4178-944E-3A859DD13E63}.Release|Any CPU.ActiveCfg = Release|Any CPU
		{DFE95FF7-559A-4178-944E-3A859DD13E63}.Release|Any CPU.Build.0 = Release|Any CPU
		{5BDE58FE-1E37-4A17-9C7B-9723E4268336}.Debug|Any CPU.ActiveCfg = Debug|Any CPU
		{5BDE58FE-1E37-4A17-9C7B-9723E4268336}.Debug|Any CPU.Build.0 = Debug|Any CPU
		{5BDE58FE-1E37-4A17-9C7B-9723E4268336}.Release|Any CPU.ActiveCfg = Release|Any CPU
		{5BDE58FE-1E37-4A17-9C7B-9723E4268336}.Release|Any CPU.Build.0 = Release|Any CPU
		{53C96EB3-506F-4EB2-856A-7031D8A86DB0}.Debug|Any CPU.ActiveCfg = Debug|Any CPU
		{53C96EB3-506F-4EB2-856A-7031D8A86DB0}.Debug|Any CPU.Build.0 = Debug|Any CPU
		{53C96EB3-506F-4EB2-856A-7031D8A86DB0}.Release|Any CPU.ActiveCfg = Release|Any CPU
		{53C96EB3-506F-4EB2-856A-7031D8A86DB0}.Release|Any CPU.Build.0 = Release|Any CPU
		{E7058A6B-A93F-461B-977D-E4ECFFF74A3B}.Debug|Any CPU.ActiveCfg = Debug|Any CPU
		{E7058A6B-A93F-461B-977D-E4ECFFF74A3B}.Debug|Any CPU.Build.0 = Debug|Any CPU
		{E7058A6B-A93F-461B-977D-E4ECFFF74A3B}.Release|Any CPU.ActiveCfg = Release|Any CPU
		{E7058A6B-A93F-461B-977D-E4ECFFF74A3B}.Release|Any CPU.Build.0 = Release|Any CPU
		{D4094122-1E30-40FE-A277-A56F53E771FD}.Debug|Any CPU.ActiveCfg = Debug|Any CPU
		{D4094122-1E30-40FE-A277-A56F53E771FD}.Debug|Any CPU.Build.0 = Debug|Any CPU
		{D4094122-1E30-40FE-A277-A56F53E771FD}.Release|Any CPU.ActiveCfg = Release|Any CPU
		{D4094122-1E30-40FE-A277-A56F53E771FD}.Release|Any CPU.Build.0 = Release|Any CPU
		{14A78F15-4646-491C-8523-AAE80A4A8207}.Debug|Any CPU.ActiveCfg = Debug|Any CPU
		{14A78F15-4646-491C-8523-AAE80A4A8207}.Debug|Any CPU.Build.0 = Debug|Any CPU
		{14A78F15-4646-491C-8523-AAE80A4A8207}.Release|Any CPU.ActiveCfg = Release|Any CPU
		{14A78F15-4646-491C-8523-AAE80A4A8207}.Release|Any CPU.Build.0 = Release|Any CPU
	EndGlobalSection
	GlobalSection(SolutionProperties) = preSolution
		HideSolutionNode = FALSE
	EndGlobalSection
EndGlobal
